
Microsoft Visual Studio Solution File, Format Version 12.00
# Visual Studio 15
VisualStudioVersion = 15.0.27703.2026
MinimumVisualStudioVersion = 10.0.40219.1
Project("{FAE04EC0-301F-11D3-BF4B-00C04F79EFBC}") = "webApi2_Produtos", "webApi2_Produtos\webApi2_Produtos.csproj", "{6FFBF935-9A31-4C7B-821B-4A2D12CA10DB}"
EndProject
Project("{FAE04EC0-301F-11D3-BF4B-00C04F79EFBC}") = "webAspMVC", "webASP\webAspMVC.csproj", "{AD6454B7-9EAE-46F5-8ABB-8AAD1DB148FF}"
EndProject
Project("{FAE04EC0-301F-11D3-BF4B-00C04F79EFBC}") = "webASPWebForms", "webASPWebForms\webASPWebForms.csproj", "{942A4511-8A58-4063-A76E-38B323020D32}"
EndProject
Global
	GlobalSection(SolutionConfigurationPlatforms) = preSolution
		Debug|Any CPU = Debug|Any CPU
		Release|Any CPU = Release|Any CPU
	EndGlobalSection
	GlobalSection(ProjectConfigurationPlatforms) = postSolution
		{6FFBF935-9A31-4C7B-821B-4A2D12CA10DB}.Debug|Any CPU.ActiveCfg = Debug|Any CPU
		{6FFBF935-9A31-4C7B-821B-4A2D12CA10DB}.Debug|Any CPU.Build.0 = Debug|Any CPU
		{6FFBF935-9A31-4C7B-821B-4A2D12CA10DB}.Release|Any CPU.ActiveCfg = Release|Any CPU
		{6FFBF935-9A31-4C7B-821B-4A2D12CA10DB}.Release|Any CPU.Build.0 = Release|Any CPU
		{AD6454B7-9EAE-46F5-8ABB-8AAD1DB148FF}.Debug|Any CPU.ActiveCfg = Debug|Any CPU
		{AD6454B7-9EAE-46F5-8ABB-8AAD1DB148FF}.Debug|Any CPU.Build.0 = Debug|Any CPU
		{AD6454B7-9EAE-46F5-8ABB-8AAD1DB148FF}.Release|Any CPU.ActiveCfg = Release|Any CPU
		{AD6454B7-9EAE-46F5-8ABB-8AAD1DB148FF}.Release|Any CPU.Build.0 = Release|Any CPU
		{942A4511-8A58-4063-A76E-38B323020D32}.Debug|Any CPU.ActiveCfg = Debug|Any CPU
		{942A4511-8A58-4063-A76E-38B323020D32}.Debug|Any CPU.Build.0 = Debug|Any CPU
		{942A4511-8A58-4063-A76E-38B323020D32}.Release|Any CPU.ActiveCfg = Release|Any CPU
		{942A4511-8A58-4063-A76E-38B323020D32}.Release|Any CPU.Build.0 = Release|Any CPU
	EndGlobalSection
	GlobalSection(SolutionProperties) = preSolution
		HideSolutionNode = FALSE
	EndGlobalSection
	GlobalSection(ExtensibilityGlobals) = postSolution
		SolutionGuid = {42ABF6B8-4097-4229-876A-BE98EF601E7E}
	EndGlobalSection
EndGlobal
